
Microsoft Visual Studio Solution File, Format Version 12.00
Project("{FAE04EC0-301F-11D3-BF4B-00C04F79EFBC}") = "TellAndTale", "TellAndTale\TellAndTale.csproj", "{D21A2822-9540-4ECA-BB1F-6A7981E87F4D}"
EndProject
Global
	GlobalSection(SolutionConfigurationPlatforms) = preSolution
		Debug|Any CPU = Debug|Any CPU
		Release|Any CPU = Release|Any CPU
	EndGlobalSection
	GlobalSection(ProjectConfigurationPlatforms) = postSolution
		{D21A2822-9540-4ECA-BB1F-6A7981E87F4D}.Debug|Any CPU.ActiveCfg = Debug|Any CPU
		{D21A2822-9540-4ECA-BB1F-6A7981E87F4D}.Debug|Any CPU.Build.0 = Debug|Any CPU
		{D21A2822-9540-4ECA-BB1F-6A7981E87F4D}.Release|Any CPU.ActiveCfg = Release|Any CPU
		{D21A2822-9540-4ECA-BB1F-6A7981E87F4D}.Release|Any CPU.Build.0 = Release|Any CPU
	EndGlobalSection
EndGlobal
